
Microsoft Visual Studio Solution File, Format Version 12.00
Project("{FAE04EC0-301F-11D3-BF4B-00C04F79EFBC}") = "Application", "Application\Application.csproj", "{DCFE35FB-C5B8-4879-BD9B-D4AB6AABAA74}"
EndProject
Project("{FAE04EC0-301F-11D3-BF4B-00C04F79EFBC}") = "Core", "Core\Core.csproj", "{C3AFD97E-6C5B-4E72-8B5F-CA5634A49EB1}"
EndProject
Project("{FAE04EC0-301F-11D3-BF4B-00C04F79EFBC}") = "Domain", "Domain\Domain.csproj", "{8C0AD42E-28AA-456E-A5C7-78E9625C7ABE}"
EndProject
Project("{FAE04EC0-301F-11D3-BF4B-00C04F79EFBC}") = "Infrastructure", "Infrastructure\Infrastructure.csproj", "{312C2928-24DD-4924-ADFA-895E51D94E52}"
EndProject
Global
	GlobalSection(SolutionConfigurationPlatforms) = preSolution
		Debug|Any CPU = Debug|Any CPU
		Release|Any CPU = Release|Any CPU
	EndGlobalSection
	GlobalSection(ProjectConfigurationPlatforms) = postSolution
		{DCFE35FB-C5B8-4879-BD9B-D4AB6AABAA74}.Debug|Any CPU.ActiveCfg = Debug|Any CPU
		{DCFE35FB-C5B8-4879-BD9B-D4AB6AABAA74}.Debug|Any CPU.Build.0 = Debug|Any CPU
		{DCFE35FB-C5B8-4879-BD9B-D4AB6AABAA74}.Release|Any CPU.ActiveCfg = Release|Any CPU
		{DCFE35FB-C5B8-4879-BD9B-D4AB6AABAA74}.Release|Any CPU.Build.0 = Release|Any CPU
		{C3AFD97E-6C5B-4E72-8B5F-CA5634A49EB1}.Debug|Any CPU.ActiveCfg = Debug|Any CPU
		{C3AFD97E-6C5B-4E72-8B5F-CA5634A49EB1}.Debug|Any CPU.Build.0 = Debug|Any CPU
		{C3AFD97E-6C5B-4E72-8B5F-CA5634A49EB1}.Release|Any CPU.ActiveCfg = Release|Any CPU
		{C3AFD97E-6C5B-4E72-8B5F-CA5634A49EB1}.Release|Any CPU.Build.0 = Release|Any CPU
		{8C0AD42E-28AA-456E-A5C7-78E9625C7ABE}.Debug|Any CPU.ActiveCfg = Debug|Any CPU
		{8C0AD42E-28AA-456E-A5C7-78E9625C7ABE}.Debug|Any CPU.Build.0 = Debug|Any CPU
		{8C0AD42E-28AA-456E-A5C7-78E9625C7ABE}.Release|Any CPU.ActiveCfg = Release|Any CPU
		{8C0AD42E-28AA-456E-A5C7-78E9625C7ABE}.Release|Any CPU.Build.0 = Release|Any CPU
		{312C2928-24DD-4924-ADFA-895E51D94E52}.Debug|Any CPU.ActiveCfg = Debug|Any CPU
		{312C2928-24DD-4924-ADFA-895E51D94E52}.Debug|Any CPU.Build.0 = Debug|Any CPU
		{312C2928-24DD-4924-ADFA-895E51D94E52}.Release|Any CPU.ActiveCfg = Release|Any CPU
		{312C2928-24DD-4924-ADFA-895E51D94E52}.Release|Any CPU.Build.0 = Release|Any CPU
	EndGlobalSection
EndGlobal
